{
  "name": "0d54d8f69206e012",
  "lockfileVersion": 3,
  "requires": true,
  "packages": {
    "": {
      "dependencies": {
        "@monza-editor/preact": "^0.1.3",
        "@nanostores/preact": "^1.0.0",
        "lucide-preact": "^0.539.0"
      }
    },
    "node_modules/@monza-editor/preact": {
      "version": "0.1.3",
      "resolved": "https://registry.npmjs.org/@monza-editor/preact/-/preact-0.1.3.tgz",
      "integrity": "sha512-7OIUJ4JiM6w5qmbtbpEtrgvCRT87yh68CiUXxEoJoLDH6mB4aJoPxFmTmtiB3OTtLAo4ONifP7SxCEp/eR4LuA==",
      "license": "MIT",
      "dependencies": {
        "monza-editor": "0.4.1",
        "preact": "^10.27.0"
      }
    },
    "node_modules/@nanostores/preact": {
      "version": "1.0.0",
      "resolved": "https://registry.npmjs.org/@nanostores/preact/-/preact-1.0.0.tgz",
      "integrity": "sha512-woHYvSwau1YtO9AEnGsh/jRPU2u5DTfNSrDHtKMZOeDUWV6EJfvyv7dJ7AaMps2I9uJcY6OlqXKkA9qTctEjyw==",
      "funding": [
        {
          "type": "github",
          "url": "https://github.com/sponsors/ai"
        }
      ],
      "license": "MIT",
      "engines": {
        "node": "^20.0.0 || >=22.0.0"
      },
      "peerDependencies": {
        "nanostores": "^0.9.0 || ^0.10.0 || ^0.11.0 || ^1.0.0",
        "preact": ">=10.0.0"
      }
    },
    "node_modules/lucide-preact": {
      "version": "0.539.0",
      "resolved": "https://registry.npmjs.org/lucide-preact/-/lucide-preact-0.539.0.tgz",
      "integrity": "sha512-s3Ik7jAZS0ijgJX3N2gLGKew6BcAVzs/6/QBFJKuxRAeMbHoFvB3i72McN5lO/+OW3te8XiwZnOopSsF56lGxw==",
      "license": "ISC",
      "peerDependencies": {
        "preact": "^10.5.13"
      }
    },
    "node_modules/monza-editor": {
      "version": "0.4.1",
      "resolved": "https://registry.npmjs.org/monza-editor/-/monza-editor-0.4.1.tgz",
      "integrity": "sha512-NrrsFtq67OAEb4DX65rUNU6JIzoMCQjt4gwWIlDpVZ3SW3ylcgOwl9kf/7B8Knwesox8q/WtqnUeTqsizAi8IQ==",
      "license": "MIT"
    },
    "node_modules/nanostores": {
      "version": "1.0.1",
      "resolved": "https://registry.npmjs.org/nanostores/-/nanostores-1.0.1.tgz",
      "integrity": "sha512-kNZ9xnoJYKg/AfxjrVL4SS0fKX++4awQReGqWnwTRHxeHGZ1FJFVgTqr/eMrNQdp0Tz7M7tG/TDaX8QfHDwVCw==",
      "funding": [
        {
          "type": "github",
          "url": "https://github.com/sponsors/ai"
        }
      ],
      "license": "MIT",
      "peer": true,
      "engines": {
        "node": "^20.0.0 || >=22.0.0"
      }
    },
    "node_modules/preact": {
      "version": "10.27.0",
      "resolved": "https://registry.npmjs.org/preact/-/preact-10.27.0.tgz",
      "integrity": "sha512-/DTYoB6mwwgPytiqQTh/7SFRL98ZdiD8Sk8zIUVOxtwq4oWcwrcd1uno9fE/zZmUaUrFNYzbH14CPebOz9tZQw==",
      "license": "MIT",
      "funding": {
        "type": "opencollective",
        "url": "https://opencollective.com/preact"
      }
    }
  }
}
