# This file is automatically @generated by Cargo.
# It is not intended for manual editing.
version = 3

[[package]]
name = "byteorder"
version = "1.5.0"
source = "registry+https://github.com/rust-lang/crates.io-index"
checksum = "1fd0f2584146f6f2ef48085050886acf353beff7305ebd1ae69500e27c67f64b"

[[package]]
name = "cfg-exif"
version = "0.3.0"
source = "registry+https://github.com/rust-lang/crates.io-index"
checksum = "dcdfe3b5f3997edf006fb6d77713fc63d4c6789adc50a44e7bfd074e7e8337b1"

[[package]]
name = "hash32"
version = "0.3.1"
source = "registry+https://github.com/rust-lang/crates.io-index"
checksum = "47d60b12902ba28e2730cd37e95b8c9223af2808df9e902d4df49588d1470606"
dependencies = [
 "byteorder",
]

[[package]]
name = "heapless"
version = "0.8.0"
source = "registry+https://github.com/rust-lang/crates.io-index"
checksum = "0bfb9eb618601c89945a70e254898da93b13be0388091d42117462b265bb3fad"
dependencies = [
 "hash32",
 "stable_deref_trait",
]

[[package]]
name = "libc"
version = "0.2.164"
source = "registry+https://github.com/rust-lang/crates.io-index"
checksum = "433bfe06b8c75da9b2e3fbea6e5329ff87748f0b144ef75306e674c3f6f7c13f"

[[package]]
name = "libm"
version = "0.2.11"
source = "registry+https://github.com/rust-lang/crates.io-index"
checksum = "8355be11b20d696c8f18f6cc018c4e372165b1fa8126cef092399c9951984ffa"

[[package]]
name = "mstak"
version = "0.3.7"
dependencies = [
 "stak-sac",
]

[[package]]
name = "mstak-interpret"
version = "0.4.1"
dependencies = [
 "libc",
 "stak-device",
 "stak-file",
 "stak-process-context",
 "stak-r7rs",
 "stak-time",
 "stak-util",
 "stak-vm",
]

[[package]]
name = "proc-macro2"
version = "1.0.92"
source = "registry+https://github.com/rust-lang/crates.io-index"
checksum = "37d3544b3f2748c54e147655edb5025752e2303145b5aefb3c3ea2c78b973bb0"
dependencies = [
 "unicode-ident",
]

[[package]]
name = "quote"
version = "1.0.37"
source = "registry+https://github.com/rust-lang/crates.io-index"
checksum = "b5b9d34b8991d19d98081b46eacdd8eb58c6f2b201139f7c5f643cc155a633af"
dependencies = [
 "proc-macro2",
]

[[package]]
name = "stable_deref_trait"
version = "1.2.0"
source = "registry+https://github.com/rust-lang/crates.io-index"
checksum = "a8f112729512f8e442d81f95a8a7ddf2b7c6b8a1a6f509a95864142b30cab2d3"

[[package]]
name = "stak-compiler"
version = "0.1.76"
dependencies = [
 "stak-configuration",
 "stak-device",
 "stak-file",
 "stak-process-context",
 "stak-r7rs",
 "stak-time",
 "stak-vm",
]

[[package]]
name = "stak-configuration"
version = "0.1.68"

[[package]]
name = "stak-device"
version = "0.2.72"
dependencies = [
 "libc",
 "stak-vm",
]

[[package]]
name = "stak-file"
version = "0.4.30"
dependencies = [
 "heapless",
 "libc",
 "stak-vm",
]

[[package]]
name = "stak-macro"
version = "0.1.73"
dependencies = [
 "proc-macro2",
 "quote",
 "stak-compiler",
 "stak-macro-util",
 "syn",
]

[[package]]
name = "stak-macro-util"
version = "0.1.49"
dependencies = [
 "proc-macro2",
 "quote",
 "syn",
]

[[package]]
name = "stak-process-context"
version = "0.2.30"
dependencies = [
 "stak-vm",
]

[[package]]
name = "stak-r7rs"
version = "0.8.7"
dependencies = [
 "libm",
 "stak-device",
 "stak-file",
 "stak-process-context",
 "stak-time",
 "stak-vm",
]

[[package]]
name = "stak-sac"
version = "0.1.74"
dependencies = [
 "libc",
 "stak-configuration",
 "stak-device",
 "stak-file",
 "stak-macro",
 "stak-process-context",
 "stak-r7rs",
 "stak-time",
 "stak-util",
 "stak-vm",
]

[[package]]
name = "stak-time"
version = "0.1.13"
dependencies = [
 "libc",
 "stak-vm",
]

[[package]]
name = "stak-util"
version = "0.1.48"
dependencies = [
 "libc",
]

[[package]]
name = "stak-vm"
version = "0.7.1"
dependencies = [
 "cfg-exif",
]

[[package]]
name = "syn"
version = "2.0.89"
source = "registry+https://github.com/rust-lang/crates.io-index"
checksum = "44d46482f1c1c87acd84dea20c1bf5ebff4c757009ed6bf19cfd36fb10e92c4e"
dependencies = [
 "proc-macro2",
 "quote",
 "unicode-ident",
]

[[package]]
name = "unicode-ident"
version = "1.0.14"
source = "registry+https://github.com/rust-lang/crates.io-index"
checksum = "adb9e6ca4f869e1180728b7950e35922a7fc6397f7b641499e8f3ef06e50dc83"
