# This file is automatically @generated by Cargo.
# It is not intended for manual editing.
version = 3

[[package]]
name = "libc"
version = "0.2.154"
source = "registry+https://github.com/rust-lang/crates.io-index"
checksum = "ae743338b92ff9146ce83992f766a31066a91a8c84a45e0e9f21e7cf6de6d346"

[[package]]
name = "mstak"
version = "0.1.14"
dependencies = [
 "libc",
 "mstak-util",
 "stak-configuration",
 "stak-device",
 "stak-primitive",
 "stak-vm",
]

[[package]]
name = "mstak-interpret"
version = "0.1.13"
dependencies = [
 "libc",
 "mstak-util",
 "stak-device",
 "stak-primitive",
 "stak-vm",
]

[[package]]
name = "mstak-util"
version = "0.1.14"
dependencies = [
 "libc",
]

[[package]]
name = "stak-code"
version = "0.2.36"

[[package]]
name = "stak-configuration"
version = "0.1.33"

[[package]]
name = "stak-device"
version = "0.2.37"
dependencies = [
 "libc",
]

[[package]]
name = "stak-primitive"
version = "0.2.38"
dependencies = [
 "stak-device",
 "stak-vm",
]

[[package]]
name = "stak-vm"
version = "0.4.7"
dependencies = [
 "stak-code",
]
