# This file is automatically @generated by Cargo.
# It is not intended for manual editing.
version = 3

[[package]]
name = "byteorder"
version = "1.5.0"
source = "registry+https://github.com/rust-lang/crates.io-index"
checksum = "1fd0f2584146f6f2ef48085050886acf353beff7305ebd1ae69500e27c67f64b"

[[package]]
name = "cfg-exif"
version = "0.3.0"
source = "registry+https://github.com/rust-lang/crates.io-index"
checksum = "dcdfe3b5f3997edf006fb6d77713fc63d4c6789adc50a44e7bfd074e7e8337b1"

[[package]]
name = "hash32"
version = "0.3.1"
source = "registry+https://github.com/rust-lang/crates.io-index"
checksum = "47d60b12902ba28e2730cd37e95b8c9223af2808df9e902d4df49588d1470606"
dependencies = [
 "byteorder",
]

[[package]]
name = "heapless"
version = "0.8.0"
source = "registry+https://github.com/rust-lang/crates.io-index"
checksum = "0bfb9eb618601c89945a70e254898da93b13be0388091d42117462b265bb3fad"
dependencies = [
 "hash32",
 "stable_deref_trait",
]

[[package]]
name = "libc"
version = "0.2.154"
source = "registry+https://github.com/rust-lang/crates.io-index"
checksum = "ae743338b92ff9146ce83992f766a31066a91a8c84a45e0e9f21e7cf6de6d346"

[[package]]
name = "libm"
version = "0.2.8"
source = "registry+https://github.com/rust-lang/crates.io-index"
checksum = "4ec2a862134d2a7d32d7983ddcdd1c4923530833c9f2ea1a44fc5fa473989058"

[[package]]
name = "mstak"
version = "0.3.3"
dependencies = [
 "stak-sac",
]

[[package]]
name = "mstak-interpret"
version = "0.3.3"
dependencies = [
 "libc",
 "stak-device",
 "stak-file",
 "stak-process-context",
 "stak-r7rs",
 "stak-time",
 "stak-util",
 "stak-vm",
]

[[package]]
name = "proc-macro2"
version = "1.0.89"
source = "registry+https://github.com/rust-lang/crates.io-index"
checksum = "f139b0662de085916d1fb67d2b4169d1addddda1919e696f3252b740b629986e"
dependencies = [
 "unicode-ident",
]

[[package]]
name = "quote"
version = "1.0.37"
source = "registry+https://github.com/rust-lang/crates.io-index"
checksum = "b5b9d34b8991d19d98081b46eacdd8eb58c6f2b201139f7c5f643cc155a633af"
dependencies = [
 "proc-macro2",
]

[[package]]
name = "stable_deref_trait"
version = "1.2.0"
source = "registry+https://github.com/rust-lang/crates.io-index"
checksum = "a8f112729512f8e442d81f95a8a7ddf2b7c6b8a1a6f509a95864142b30cab2d3"

[[package]]
name = "stak-code"
version = "0.2.67"

[[package]]
name = "stak-compiler"
version = "0.1.72"
dependencies = [
 "stak-configuration",
 "stak-device",
 "stak-file",
 "stak-process-context",
 "stak-r7rs",
 "stak-time",
 "stak-vm",
]

[[package]]
name = "stak-configuration"
version = "0.1.64"

[[package]]
name = "stak-device"
version = "0.2.68"
dependencies = [
 "libc",
 "stak-vm",
]

[[package]]
name = "stak-file"
version = "0.4.26"
dependencies = [
 "heapless",
 "libc",
 "stak-vm",
]

[[package]]
name = "stak-macro"
version = "0.1.69"
dependencies = [
 "proc-macro2",
 "quote",
 "stak-compiler",
 "stak-macro-util",
 "syn",
]

[[package]]
name = "stak-macro-util"
version = "0.1.45"
dependencies = [
 "proc-macro2",
 "quote",
 "syn",
]

[[package]]
name = "stak-process-context"
version = "0.2.26"
dependencies = [
 "stak-vm",
]

[[package]]
name = "stak-r7rs"
version = "0.8.3"
dependencies = [
 "libm",
 "stak-device",
 "stak-file",
 "stak-process-context",
 "stak-time",
 "stak-vm",
]

[[package]]
name = "stak-sac"
version = "0.1.70"
dependencies = [
 "libc",
 "stak-configuration",
 "stak-device",
 "stak-file",
 "stak-macro",
 "stak-process-context",
 "stak-r7rs",
 "stak-time",
 "stak-util",
 "stak-vm",
]

[[package]]
name = "stak-time"
version = "0.1.9"
dependencies = [
 "libc",
 "stak-vm",
]

[[package]]
name = "stak-util"
version = "0.1.44"
dependencies = [
 "libc",
]

[[package]]
name = "stak-vm"
version = "0.6.3"
dependencies = [
 "cfg-exif",
 "stak-code",
]

[[package]]
name = "syn"
version = "2.0.85"
source = "registry+https://github.com/rust-lang/crates.io-index"
checksum = "5023162dfcd14ef8f32034d8bcd4cc5ddc61ef7a247c024a33e24e1f24d21b56"
dependencies = [
 "proc-macro2",
 "quote",
 "unicode-ident",
]

[[package]]
name = "unicode-ident"
version = "1.0.12"
source = "registry+https://github.com/rust-lang/crates.io-index"
checksum = "3354b9ac3fae1ff6755cb6db53683adb661634f67557942dea4facebec0fee4b"
